
Microsoft Visual Studio Solution File, Format Version 12.00
# Visual Studio Version 17
VisualStudioVersion = 17.9.34607.119
MinimumVisualStudioVersion = 10.0.40219.1
Project("{8BC9CEB8-8B4A-11D0-8D11-00A0C91BC942}") = "DBDemo", "DBDemo.vcxproj", "{D2C33D1E-2765-30DC-AA5D-1A0C48C9A93E}"
EndProject
Global
	GlobalSection(SolutionConfigurationPlatforms) = preSolution
		Debug|x64 = Debug|x64
		Release|x64 = Release|x64
	EndGlobalSection
	GlobalSection(ProjectConfigurationPlatforms) = postSolution
		{D2C33D1E-2765-30DC-AA5D-1A0C48C9A93E}.Debug|x64.ActiveCfg = Debug|x64
		{D2C33D1E-2765-30DC-AA5D-1A0C48C9A93E}.Debug|x64.Build.0 = Debug|x64
		{D2C33D1E-2765-30DC-AA5D-1A0C48C9A93E}.Release|x64.ActiveCfg = Release|x64
		{D2C33D1E-2765-30DC-AA5D-1A0C48C9A93E}.Release|x64.Build.0 = Release|x64
	EndGlobalSection
	GlobalSection(SolutionProperties) = preSolution
		HideSolutionNode = FALSE
	EndGlobalSection
	GlobalSection(ExtensibilityGlobals) = postSolution
		SolutionGuid = {36FE3D1F-E404-489B-875A-8824459515E2}
	EndGlobalSection
EndGlobal
